// !$*UTF8*$!
{
	archiveVersion = 1;
	classes = {
	};
	objectVersion = 45;
	objects = {

/* Begin PBXBuildFile section */
		1D3623260D0F684500981E51 /* test_appAppDelegate.m in Sources */ = {isa = PBXBuildFile; fileRef = 1D3623250D0F684500981E51 /* test_appAppDelegate.m */; };
		1D60589B0D05DD56006BFB54 /* main.m in Sources */ = {isa = PBXBuildFile; fileRef = 29B97316FDCFA39411CA2CEA /* main.m */; };
		1D60589F0D05DD5A006BFB54 /* Foundation.framework in Frameworks */ = {isa = PBXBuildFile; fileRef = 1D30AB110D05D00D00671497 /* Foundation.framework */; };
		1DF5F4E00D08C38300B7A737 /* UIKit.framework in Frameworks */ = {isa = PBXBuildFile; fileRef = 1DF5F4DF0D08C38300B7A737 /* UIKit.framework */; };
		288765A50DF7441C002DB57D /* CoreGraphics.framework in Frameworks */ = {isa = PBXBuildFile; fileRef = 288765A40DF7441C002DB57D /* CoreGraphics.framework */; };
		28D7ACF80DDB3853001CB0EB /* test_appViewController.m in Sources */ = {isa = PBXBuildFile; fileRef = 28D7ACF70DDB3853001CB0EB /* test_appViewController.m */; };
		5259454F109BB32800279F2E /* MessageUI.framework in Frameworks */ = {isa = PBXBuildFile; fileRef = 5259454E109BB32800279F2E /* MessageUI.framework */; settings = {ATTRIBUTES = (Required, ); }; };
		52704E9E11376A3000BEF866 /* Camera.png in Resources */ = {isa = PBXBuildFile; fileRef = 52704E9D11376A3000BEF866 /* Camera.png */; };
		52B5EF9B0FF5C228004325BC /* AudioToolbox.framework in Frameworks */ = {isa = PBXBuildFile; fileRef = 52B5EF9A0FF5C228004325BC /* AudioToolbox.framework */; };
		52E16F19106E44A300EADDF5 /* QuartzCore.framework in Frameworks */ = {isa = PBXBuildFile; fileRef = 52E16F18106E44A300EADDF5 /* QuartzCore.framework */; };
		52E6B40110964E0400788E04 /* CFNetwork.framework in Frameworks */ = {isa = PBXBuildFile; fileRef = 52E6B40010964E0400788E04 /* CFNetwork.framework */; };
		52E6B42610964E2300788E04 /* SystemConfiguration.framework in Frameworks */ = {isa = PBXBuildFile; fileRef = 52E6B42510964E2300788E04 /* SystemConfiguration.framework */; };
		5E8F4836146F912300D76412 /* HSL.m in Sources */ = {isa = PBXBuildFile; fileRef = 5E8F4835146F912300D76412 /* HSL.m */; };
		5EEAA2B3146F68D000436F24 /* AVFoundation.framework in Frameworks */ = {isa = PBXBuildFile; fileRef = 5EEAA2B2146F68CF00436F24 /* AVFoundation.framework */; };
		5EEAA581146F741800436F24 /* au_none.c in Sources */ = {isa = PBXBuildFile; fileRef = 5EEAA4FD146F741800436F24 /* au_none.c */; };
		5EEAA582146F741800436F24 /* au_streaming.c in Sources */ = {isa = PBXBuildFile; fileRef = 5EEAA4FE146F741800436F24 /* au_streaming.c */; };
		5EEAA583146F741800436F24 /* audio.c in Sources */ = {isa = PBXBuildFile; fileRef = 5EEAA4FF146F741800436F24 /* audio.c */; };
		5EEAA584146F741800436F24 /* cst_alloc.c in Sources */ = {isa = PBXBuildFile; fileRef = 5EEAA500146F741800436F24 /* cst_alloc.c */; };
		5EEAA585146F741800436F24 /* cst_cart.c in Sources */ = {isa = PBXBuildFile; fileRef = 5EEAA501146F741800436F24 /* cst_cart.c */; };
		5EEAA586146F741800436F24 /* cst_cg.c in Sources */ = {isa = PBXBuildFile; fileRef = 5EEAA502146F741800436F24 /* cst_cg.c */; };
		5EEAA587146F741800436F24 /* cst_diphone.c in Sources */ = {isa = PBXBuildFile; fileRef = 5EEAA503146F741800436F24 /* cst_diphone.c */; };
		5EEAA588146F741800436F24 /* cst_endian.c in Sources */ = {isa = PBXBuildFile; fileRef = 5EEAA504146F741800436F24 /* cst_endian.c */; };
		5EEAA589146F741800436F24 /* cst_error.c in Sources */ = {isa = PBXBuildFile; fileRef = 5EEAA505146F741800436F24 /* cst_error.c */; };
		5EEAA58A146F741800436F24 /* cst_features.c in Sources */ = {isa = PBXBuildFile; fileRef = 5EEAA506146F741800436F24 /* cst_features.c */; };
		5EEAA58B146F741800436F24 /* cst_ffeature.c in Sources */ = {isa = PBXBuildFile; fileRef = 5EEAA507146F741800436F24 /* cst_ffeature.c */; };
		5EEAA58C146F741800436F24 /* cst_ffeatures.c in Sources */ = {isa = PBXBuildFile; fileRef = 5EEAA508146F741800436F24 /* cst_ffeatures.c */; };
		5EEAA58D146F741800436F24 /* cst_file_stdio.c in Sources */ = {isa = PBXBuildFile; fileRef = 5EEAA509146F741800436F24 /* cst_file_stdio.c */; };
		5EEAA58E146F741800436F24 /* cst_item.c in Sources */ = {isa = PBXBuildFile; fileRef = 5EEAA50A146F741800436F24 /* cst_item.c */; };
		5EEAA58F146F741800436F24 /* cst_lexicon.c in Sources */ = {isa = PBXBuildFile; fileRef = 5EEAA50B146F741800436F24 /* cst_lexicon.c */; };
		5EEAA590146F741800436F24 /* cst_lpcres.c in Sources */ = {isa = PBXBuildFile; fileRef = 5EEAA50C146F741800436F24 /* cst_lpcres.c */; };
		5EEAA591146F741800436F24 /* cst_lts.c in Sources */ = {isa = PBXBuildFile; fileRef = 5EEAA50D146F741800436F24 /* cst_lts.c */; };
		5EEAA592146F741800436F24 /* cst_mlpg.c in Sources */ = {isa = PBXBuildFile; fileRef = 5EEAA50E146F741800436F24 /* cst_mlpg.c */; };
		5EEAA593146F741800436F24 /* cst_mlsa.c in Sources */ = {isa = PBXBuildFile; fileRef = 5EEAA50F146F741800436F24 /* cst_mlsa.c */; };
		5EEAA594146F741800436F24 /* cst_phoneset.c in Sources */ = {isa = PBXBuildFile; fileRef = 5EEAA510146F741800436F24 /* cst_phoneset.c */; };
		5EEAA595146F741800436F24 /* cst_regex.c in Sources */ = {isa = PBXBuildFile; fileRef = 5EEAA511146F741800436F24 /* cst_regex.c */; };
		5EEAA596146F741800436F24 /* cst_relation.c in Sources */ = {isa = PBXBuildFile; fileRef = 5EEAA512146F741800436F24 /* cst_relation.c */; };
		5EEAA597146F741800436F24 /* cst_sigpr.c in Sources */ = {isa = PBXBuildFile; fileRef = 5EEAA513146F741800436F24 /* cst_sigpr.c */; };
		5EEAA598146F741800436F24 /* cst_string.c in Sources */ = {isa = PBXBuildFile; fileRef = 5EEAA514146F741800436F24 /* cst_string.c */; };
		5EEAA599146F741800436F24 /* cst_sts.c in Sources */ = {isa = PBXBuildFile; fileRef = 5EEAA515146F741800436F24 /* cst_sts.c */; };
		5EEAA59A146F741800436F24 /* cst_synth.c in Sources */ = {isa = PBXBuildFile; fileRef = 5EEAA516146F741800436F24 /* cst_synth.c */; };
		5EEAA59B146F741800436F24 /* cst_tokenstream.c in Sources */ = {isa = PBXBuildFile; fileRef = 5EEAA517146F741800436F24 /* cst_tokenstream.c */; };
		5EEAA59C146F741800436F24 /* cst_track.c in Sources */ = {isa = PBXBuildFile; fileRef = 5EEAA518146F741800436F24 /* cst_track.c */; };
		5EEAA59D146F741800436F24 /* cst_units.c in Sources */ = {isa = PBXBuildFile; fileRef = 5EEAA519146F741800436F24 /* cst_units.c */; };
		5EEAA59E146F741800436F24 /* cst_utt_utils.c in Sources */ = {isa = PBXBuildFile; fileRef = 5EEAA51A146F741800436F24 /* cst_utt_utils.c */; };
		5EEAA59F146F741800436F24 /* cst_utterance.c in Sources */ = {isa = PBXBuildFile; fileRef = 5EEAA51B146F741800436F24 /* cst_utterance.c */; };
		5EEAA5A0146F741800436F24 /* cst_val.c in Sources */ = {isa = PBXBuildFile; fileRef = 5EEAA51C146F741800436F24 /* cst_val.c */; };
		5EEAA5A1146F741800436F24 /* cst_val_const.c in Sources */ = {isa = PBXBuildFile; fileRef = 5EEAA51D146F741800436F24 /* cst_val_const.c */; };
		5EEAA5A2146F741800436F24 /* cst_val_user.c in Sources */ = {isa = PBXBuildFile; fileRef = 5EEAA51E146F741800436F24 /* cst_val_user.c */; };
		5EEAA5A3146F741800436F24 /* cst_vc.c in Sources */ = {isa = PBXBuildFile; fileRef = 5EEAA51F146F741800436F24 /* cst_vc.c */; };
		5EEAA5A4146F741800436F24 /* cst_voice.c in Sources */ = {isa = PBXBuildFile; fileRef = 5EEAA520146F741800436F24 /* cst_voice.c */; };
		5EEAA5A5146F741800436F24 /* cst_wave.c in Sources */ = {isa = PBXBuildFile; fileRef = 5EEAA521146F741800436F24 /* cst_wave.c */; };
		5EEAA5A6146F741800436F24 /* cst_wave_io.c in Sources */ = {isa = PBXBuildFile; fileRef = 5EEAA522146F741800436F24 /* cst_wave_io.c */; };
		5EEAA5A7146F741800436F24 /* cst_wave_utils.c in Sources */ = {isa = PBXBuildFile; fileRef = 5EEAA523146F741800436F24 /* cst_wave_utils.c */; };
		5EEAA5A8146F741800436F24 /* flite.c in Sources */ = {isa = PBXBuildFile; fileRef = 5EEAA524146F741800436F24 /* flite.c */; };
		5EEAA5A9146F741800436F24 /* rateconv.c in Sources */ = {isa = PBXBuildFile; fileRef = 5EEAA525146F741800436F24 /* rateconv.c */; };
		5EEAA5AA146F741800436F24 /* regexp.c in Sources */ = {isa = PBXBuildFile; fileRef = 5EEAA526146F741800436F24 /* regexp.c */; };
		5EEAA5C3146F741800436F24 /* cmu_us_slt.c in Sources */ = {isa = PBXBuildFile; fileRef = 5EEAA550146F741800436F24 /* cmu_us_slt.c */; };
		5EEAA5C4146F741800436F24 /* cmu_us_slt_cg.c in Sources */ = {isa = PBXBuildFile; fileRef = 5EEAA551146F741800436F24 /* cmu_us_slt_cg.c */; };
		5EEAA5C5146F741800436F24 /* cmu_us_slt_cg_durmodel.c in Sources */ = {isa = PBXBuildFile; fileRef = 5EEAA552146F741800436F24 /* cmu_us_slt_cg_durmodel.c */; };
		5EEAA5C6146F741800436F24 /* cmu_us_slt_cg_f0_trees.c in Sources */ = {isa = PBXBuildFile; fileRef = 5EEAA554146F741800436F24 /* cmu_us_slt_cg_f0_trees.c */; };
		5EEAA5C7146F741800436F24 /* cmu_us_slt_cg_phonestate.c in Sources */ = {isa = PBXBuildFile; fileRef = 5EEAA556146F741800436F24 /* cmu_us_slt_cg_phonestate.c */; };
		5EEAA5C8146F741800436F24 /* cmu_us_slt_cg_single_mcep_trees.c in Sources */ = {isa = PBXBuildFile; fileRef = 5EEAA557146F741800436F24 /* cmu_us_slt_cg_single_mcep_trees.c */; };
		5EEAA5C9146F741800436F24 /* cmu_us_slt_cg_single_params.c in Sources */ = {isa = PBXBuildFile; fileRef = 5EEAA559146F741800436F24 /* cmu_us_slt_cg_single_params.c */; };
		5EEAA5CA146F741800436F24 /* cmu_lex.c in Sources */ = {isa = PBXBuildFile; fileRef = 5EEAA55C146F741800436F24 /* cmu_lex.c */; };
		5EEAA5CB146F741800436F24 /* cmu_lex_data.c in Sources */ = {isa = PBXBuildFile; fileRef = 5EEAA55E146F741800436F24 /* cmu_lex_data.c */; };
		5EEAA5CC146F741800436F24 /* cmu_lex_entries.c in Sources */ = {isa = PBXBuildFile; fileRef = 5EEAA55F146F741800436F24 /* cmu_lex_entries.c */; };
		5EEAA5CD146F741800436F24 /* cmu_lts_model.c in Sources */ = {isa = PBXBuildFile; fileRef = 5EEAA560146F741800436F24 /* cmu_lts_model.c */; };
		5EEAA5CE146F741800436F24 /* cmu_lts_rules.c in Sources */ = {isa = PBXBuildFile; fileRef = 5EEAA562146F741800436F24 /* cmu_lts_rules.c */; };
		5EEAA5CF146F741800436F24 /* cmu_postlex.c in Sources */ = {isa = PBXBuildFile; fileRef = 5EEAA563146F741800436F24 /* cmu_postlex.c */; };
		5EEAA5D0146F741800436F24 /* us_aswd.c in Sources */ = {isa = PBXBuildFile; fileRef = 5EEAA565146F741800436F24 /* us_aswd.c */; };
		5EEAA5D1146F741800436F24 /* us_dur_stats.c in Sources */ = {isa = PBXBuildFile; fileRef = 5EEAA566146F741800436F24 /* us_dur_stats.c */; };
		5EEAA5D2146F741800436F24 /* us_durz_cart.c in Sources */ = {isa = PBXBuildFile; fileRef = 5EEAA567146F741800436F24 /* us_durz_cart.c */; };
		5EEAA5D3146F741800436F24 /* us_expand.c in Sources */ = {isa = PBXBuildFile; fileRef = 5EEAA569146F741800436F24 /* us_expand.c */; };
		5EEAA5D4146F741800436F24 /* us_f0_model.c in Sources */ = {isa = PBXBuildFile; fileRef = 5EEAA56B146F741800436F24 /* us_f0_model.c */; };
		5EEAA5D5146F741800436F24 /* us_f0lr.c in Sources */ = {isa = PBXBuildFile; fileRef = 5EEAA56C146F741800436F24 /* us_f0lr.c */; };
		5EEAA5D6146F741800436F24 /* us_ffeatures.c in Sources */ = {isa = PBXBuildFile; fileRef = 5EEAA56D146F741800436F24 /* us_ffeatures.c */; };
		5EEAA5D7146F741800436F24 /* us_gpos.c in Sources */ = {isa = PBXBuildFile; fileRef = 5EEAA56F146F741800436F24 /* us_gpos.c */; };
		5EEAA5D8146F741800436F24 /* us_int_accent_cart.c in Sources */ = {isa = PBXBuildFile; fileRef = 5EEAA570146F741800436F24 /* us_int_accent_cart.c */; };
		5EEAA5D9146F741800436F24 /* us_int_tone_cart.c in Sources */ = {isa = PBXBuildFile; fileRef = 5EEAA572146F741800436F24 /* us_int_tone_cart.c */; };
		5EEAA5DA146F741800436F24 /* us_nums_cart.c in Sources */ = {isa = PBXBuildFile; fileRef = 5EEAA574146F741800436F24 /* us_nums_cart.c */; };
		5EEAA5DB146F741800436F24 /* us_phoneset.c in Sources */ = {isa = PBXBuildFile; fileRef = 5EEAA576146F741800436F24 /* us_phoneset.c */; };
		5EEAA5DC146F741800436F24 /* us_phrasing_cart.c in Sources */ = {isa = PBXBuildFile; fileRef = 5EEAA577146F741800436F24 /* us_phrasing_cart.c */; };
		5EEAA5DD146F741800436F24 /* us_pos.tree in Resources */ = {isa = PBXBuildFile; fileRef = 5EEAA579146F741800436F24 /* us_pos.tree */; };
		5EEAA5DE146F741800436F24 /* us_pos_cart.c in Sources */ = {isa = PBXBuildFile; fileRef = 5EEAA57A146F741800436F24 /* us_pos_cart.c */; };
		5EEAA5DF146F741800436F24 /* us_text.c in Sources */ = {isa = PBXBuildFile; fileRef = 5EEAA57D146F741800436F24 /* us_text.c */; };
		5EEAA5E0146F741800436F24 /* usenglish.c in Sources */ = {isa = PBXBuildFile; fileRef = 5EEAA57F146F741800436F24 /* usenglish.c */; };
		5EEAA5E3146F742000436F24 /* FliteTTS.m in Sources */ = {isa = PBXBuildFile; fileRef = 5EEAA5E2146F742000436F24 /* FliteTTS.m */; };
/* End PBXBuildFile section */

/* Begin PBXFileReference section */
		1D30AB110D05D00D00671497 /* Foundation.framework */ = {isa = PBXFileReference; lastKnownFileType = wrapper.framework; name = Foundation.framework; path = System/Library/Frameworks/Foundation.framework; sourceTree = SDKROOT; };
		1D3623240D0F684500981E51 /* test_appAppDelegate.h */ = {isa = PBXFileReference; fileEncoding = 4; lastKnownFileType = sourcecode.c.h; path = test_appAppDelegate.h; sourceTree = "<group>"; };
		1D3623250D0F684500981E51 /* test_appAppDelegate.m */ = {isa = PBXFileReference; fileEncoding = 4; lastKnownFileType = sourcecode.c.objc; path = test_appAppDelegate.m; sourceTree = "<group>"; };
		1D6058910D05DD3D006BFB54 /* test-app.app */ = {isa = PBXFileReference; explicitFileType = wrapper.application; includeInIndex = 0; path = "test-app.app"; sourceTree = BUILT_PRODUCTS_DIR; };
		1DF5F4DF0D08C38300B7A737 /* UIKit.framework */ = {isa = PBXFileReference; lastKnownFileType = wrapper.framework; name = UIKit.framework; path = System/Library/Frameworks/UIKit.framework; sourceTree = SDKROOT; };
		288765A40DF7441C002DB57D /* CoreGraphics.framework */ = {isa = PBXFileReference; lastKnownFileType = wrapper.framework; name = CoreGraphics.framework; path = System/Library/Frameworks/CoreGraphics.framework; sourceTree = SDKROOT; };
		28D7ACF60DDB3853001CB0EB /* test_appViewController.h */ = {isa = PBXFileReference; fileEncoding = 4; lastKnownFileType = sourcecode.c.h; path = test_appViewController.h; sourceTree = "<group>"; };
		28D7ACF70DDB3853001CB0EB /* test_appViewController.m */ = {isa = PBXFileReference; fileEncoding = 4; lastKnownFileType = sourcecode.c.objc; path = test_appViewController.m; sourceTree = "<group>"; };
		29B97316FDCFA39411CA2CEA /* main.m */ = {isa = PBXFileReference; fileEncoding = 4; lastKnownFileType = sourcecode.c.objc; path = main.m; sourceTree = "<group>"; };
		32CA4F630368D1EE00C91783 /* test_app_Prefix.pch */ = {isa = PBXFileReference; fileEncoding = 4; lastKnownFileType = sourcecode.c.h; path = test_app_Prefix.pch; sourceTree = "<group>"; };
		5259454E109BB32800279F2E /* MessageUI.framework */ = {isa = PBXFileReference; lastKnownFileType = wrapper.framework; name = MessageUI.framework; path = System/Library/Frameworks/MessageUI.framework; sourceTree = SDKROOT; };
		52704E9D11376A3000BEF866 /* Camera.png */ = {isa = PBXFileReference; lastKnownFileType = image.png; path = Camera.png; sourceTree = "<group>"; };
		52B5EF9A0FF5C228004325BC /* AudioToolbox.framework */ = {isa = PBXFileReference; lastKnownFileType = wrapper.framework; name = AudioToolbox.framework; path = System/Library/Frameworks/AudioToolbox.framework; sourceTree = SDKROOT; };
		52E16F18106E44A300EADDF5 /* QuartzCore.framework */ = {isa = PBXFileReference; lastKnownFileType = wrapper.framework; name = QuartzCore.framework; path = System/Library/Frameworks/QuartzCore.framework; sourceTree = SDKROOT; };
		52E6B40010964E0400788E04 /* CFNetwork.framework */ = {isa = PBXFileReference; lastKnownFileType = wrapper.framework; name = CFNetwork.framework; path = System/Library/Frameworks/CFNetwork.framework; sourceTree = SDKROOT; };
		52E6B42510964E2300788E04 /* SystemConfiguration.framework */ = {isa = PBXFileReference; lastKnownFileType = wrapper.framework; name = SystemConfiguration.framework; path = System/Library/Frameworks/SystemConfiguration.framework; sourceTree = SDKROOT; };
		5E8F4834146F912300D76412 /* HSL.h */ = {isa = PBXFileReference; fileEncoding = 4; lastKnownFileType = sourcecode.c.h; path = HSL.h; sourceTree = "<group>"; };
		5E8F4835146F912300D76412 /* HSL.m */ = {isa = PBXFileReference; fileEncoding = 4; lastKnownFileType = sourcecode.c.objc; path = HSL.m; sourceTree = "<group>"; };
		5EEAA2B0146F68BD00436F24 /* AVFoundation */ = {isa = PBXFileReference; lastKnownFileType = "compiled.mach-o.dylib"; name = AVFoundation; path = System/Library/Frameworks/AVFoundation.framework/AVFoundation; sourceTree = SDKROOT; };
		5EEAA2B2146F68CF00436F24 /* AVFoundation.framework */ = {isa = PBXFileReference; lastKnownFileType = wrapper.framework; name = AVFoundation.framework; path = System/Library/Frameworks/AVFoundation.framework; sourceTree = SDKROOT; };
		5EEAA4D5146F741800436F24 /* cst_alloc.h */ = {isa = PBXFileReference; fileEncoding = 4; lastKnownFileType = sourcecode.c.h; path = cst_alloc.h; sourceTree = "<group>"; };
		5EEAA4D6146F741800436F24 /* cst_audio.h */ = {isa = PBXFileReference; fileEncoding = 4; lastKnownFileType = sourcecode.c.h; path = cst_audio.h; sourceTree = "<group>"; };
		5EEAA4D7146F741800436F24 /* cst_cart.h */ = {isa = PBXFileReference; fileEncoding = 4; lastKnownFileType = sourcecode.c.h; path = cst_cart.h; sourceTree = "<group>"; };
		5EEAA4D8146F741800436F24 /* cst_cg.h */ = {isa = PBXFileReference; fileEncoding = 4; lastKnownFileType = sourcecode.c.h; path = cst_cg.h; sourceTree = "<group>"; };
		5EEAA4D9146F741800436F24 /* cst_diphone.h */ = {isa = PBXFileReference; fileEncoding = 4; lastKnownFileType = sourcecode.c.h; path = cst_diphone.h; sourceTree = "<group>"; };
		5EEAA4DA146F741800436F24 /* cst_endian.h */ = {isa = PBXFileReference; fileEncoding = 4; lastKnownFileType = sourcecode.c.h; path = cst_endian.h; sourceTree = "<group>"; };
		5EEAA4DB146F741800436F24 /* cst_error.h */ = {isa = PBXFileReference; fileEncoding = 4; lastKnownFileType = sourcecode.c.h; path = cst_error.h; sourceTree = "<group>"; };
		5EEAA4DC146F741800436F24 /* cst_features.h */ = {isa = PBXFileReference; fileEncoding = 4; lastKnownFileType = sourcecode.c.h; path = cst_features.h; sourceTree = "<group>"; };
		5EEAA4DD146F741800436F24 /* cst_ffeatures.h */ = {isa = PBXFileReference; fileEncoding = 4; lastKnownFileType = sourcecode.c.h; path = cst_ffeatures.h; sourceTree = "<group>"; };
		5EEAA4DE146F741800436F24 /* cst_file.h */ = {isa = PBXFileReference; fileEncoding = 4; lastKnownFileType = sourcecode.c.h; path = cst_file.h; sourceTree = "<group>"; };
		5EEAA4DF146F741800436F24 /* cst_hrg.h */ = {isa = PBXFileReference; fileEncoding = 4; lastKnownFileType = sourcecode.c.h; path = cst_hrg.h; sourceTree = "<group>"; };
		5EEAA4E0146F741800436F24 /* cst_item.h */ = {isa = PBXFileReference; fileEncoding = 4; lastKnownFileType = sourcecode.c.h; path = cst_item.h; sourceTree = "<group>"; };
		5EEAA4E1146F741800436F24 /* cst_lexicon.h */ = {isa = PBXFileReference; fileEncoding = 4; lastKnownFileType = sourcecode.c.h; path = cst_lexicon.h; sourceTree = "<group>"; };
		5EEAA4E2146F741800436F24 /* cst_lts.h */ = {isa = PBXFileReference; fileEncoding = 4; lastKnownFileType = sourcecode.c.h; path = cst_lts.h; sourceTree = "<group>"; };
		5EEAA4E3146F741800436F24 /* cst_math.h */ = {isa = PBXFileReference; fileEncoding = 4; lastKnownFileType = sourcecode.c.h; path = cst_math.h; sourceTree = "<group>"; };
		5EEAA4E4146F741800436F24 /* cst_mlpg.h */ = {isa = PBXFileReference; fileEncoding = 4; lastKnownFileType = sourcecode.c.h; path = cst_mlpg.h; sourceTree = "<group>"; };
		5EEAA4E5146F741800436F24 /* cst_mlsa.h */ = {isa = PBXFileReference; fileEncoding = 4; lastKnownFileType = sourcecode.c.h; path = cst_mlsa.h; sourceTree = "<group>"; };
		5EEAA4E6146F741800436F24 /* cst_phoneset.h */ = {isa = PBXFileReference; fileEncoding = 4; lastKnownFileType = sourcecode.c.h; path = cst_phoneset.h; sourceTree = "<group>"; };
		5EEAA4E7146F741800436F24 /* cst_regex.h */ = {isa = PBXFileReference; fileEncoding = 4; lastKnownFileType = sourcecode.c.h; path = cst_regex.h; sourceTree = "<group>"; };
		5EEAA4E8146F741800436F24 /* cst_regex_defs.h */ = {isa = PBXFileReference; fileEncoding = 4; lastKnownFileType = sourcecode.c.h; path = cst_regex_defs.h; sourceTree = "<group>"; };
		5EEAA4E9146F741800436F24 /* cst_relation.h */ = {isa = PBXFileReference; fileEncoding = 4; lastKnownFileType = sourcecode.c.h; path = cst_relation.h; sourceTree = "<group>"; };
		5EEAA4EA146F741800436F24 /* cst_sigpr.h */ = {isa = PBXFileReference; fileEncoding = 4; lastKnownFileType = sourcecode.c.h; path = cst_sigpr.h; sourceTree = "<group>"; };
		5EEAA4EB146F741800436F24 /* cst_string.h */ = {isa = PBXFileReference; fileEncoding = 4; lastKnownFileType = sourcecode.c.h; path = cst_string.h; sourceTree = "<group>"; };
		5EEAA4EC146F741800436F24 /* cst_sts.h */ = {isa = PBXFileReference; fileEncoding = 4; lastKnownFileType = sourcecode.c.h; path = cst_sts.h; sourceTree = "<group>"; };
		5EEAA4ED146F741800436F24 /* cst_synth.h */ = {isa = PBXFileReference; fileEncoding = 4; lastKnownFileType = sourcecode.c.h; path = cst_synth.h; sourceTree = "<group>"; };
		5EEAA4EE146F741800436F24 /* cst_tokenstream.h */ = {isa = PBXFileReference; fileEncoding = 4; lastKnownFileType = sourcecode.c.h; path = cst_tokenstream.h; sourceTree = "<group>"; };
		5EEAA4EF146F741800436F24 /* cst_track.h */ = {isa = PBXFileReference; fileEncoding = 4; lastKnownFileType = sourcecode.c.h; path = cst_track.h; sourceTree = "<group>"; };
		5EEAA4F0146F741800436F24 /* cst_units.h */ = {isa = PBXFileReference; fileEncoding = 4; lastKnownFileType = sourcecode.c.h; path = cst_units.h; sourceTree = "<group>"; };
		5EEAA4F1146F741800436F24 /* cst_utt_utils.h */ = {isa = PBXFileReference; fileEncoding = 4; lastKnownFileType = sourcecode.c.h; path = cst_utt_utils.h; sourceTree = "<group>"; };
		5EEAA4F2146F741800436F24 /* cst_utterance.h */ = {isa = PBXFileReference; fileEncoding = 4; lastKnownFileType = sourcecode.c.h; path = cst_utterance.h; sourceTree = "<group>"; };
		5EEAA4F3146F741800436F24 /* cst_val.h */ = {isa = PBXFileReference; fileEncoding = 4; lastKnownFileType = sourcecode.c.h; path = cst_val.h; sourceTree = "<group>"; };
		5EEAA4F4146F741800436F24 /* cst_val_const.h */ = {isa = PBXFileReference; fileEncoding = 4; lastKnownFileType = sourcecode.c.h; path = cst_val_const.h; sourceTree = "<group>"; };
		5EEAA4F5146F741800436F24 /* cst_val_defs.h */ = {isa = PBXFileReference; fileEncoding = 4; lastKnownFileType = sourcecode.c.h; path = cst_val_defs.h; sourceTree = "<group>"; };
		5EEAA4F6146F741800436F24 /* cst_vc.h */ = {isa = PBXFileReference; fileEncoding = 4; lastKnownFileType = sourcecode.c.h; path = cst_vc.h; sourceTree = "<group>"; };
		5EEAA4F7146F741800436F24 /* cst_viterbi.h */ = {isa = PBXFileReference; fileEncoding = 4; lastKnownFileType = sourcecode.c.h; path = cst_viterbi.h; sourceTree = "<group>"; };
		5EEAA4F8146F741800436F24 /* cst_voice.h */ = {isa = PBXFileReference; fileEncoding = 4; lastKnownFileType = sourcecode.c.h; path = cst_voice.h; sourceTree = "<group>"; };
		5EEAA4F9146F741800436F24 /* cst_wave.h */ = {isa = PBXFileReference; fileEncoding = 4; lastKnownFileType = sourcecode.c.h; path = cst_wave.h; sourceTree = "<group>"; };
		5EEAA4FA146F741800436F24 /* flite.h */ = {isa = PBXFileReference; fileEncoding = 4; lastKnownFileType = sourcecode.c.h; path = flite.h; sourceTree = "<group>"; };
		5EEAA4FB146F741800436F24 /* native_audio.h */ = {isa = PBXFileReference; fileEncoding = 4; lastKnownFileType = sourcecode.c.h; path = native_audio.h; sourceTree = "<group>"; };
		5EEAA4FD146F741800436F24 /* au_none.c */ = {isa = PBXFileReference; fileEncoding = 4; lastKnownFileType = sourcecode.c.c; path = au_none.c; sourceTree = "<group>"; };
		5EEAA4FE146F741800436F24 /* au_streaming.c */ = {isa = PBXFileReference; fileEncoding = 4; lastKnownFileType = sourcecode.c.c; path = au_streaming.c; sourceTree = "<group>"; };
		5EEAA4FF146F741800436F24 /* audio.c */ = {isa = PBXFileReference; fileEncoding = 4; lastKnownFileType = sourcecode.c.c; path = audio.c; sourceTree = "<group>"; };
		5EEAA500146F741800436F24 /* cst_alloc.c */ = {isa = PBXFileReference; fileEncoding = 4; lastKnownFileType = sourcecode.c.c; path = cst_alloc.c; sourceTree = "<group>"; };
		5EEAA501146F741800436F24 /* cst_cart.c */ = {isa = PBXFileReference; fileEncoding = 4; lastKnownFileType = sourcecode.c.c; path = cst_cart.c; sourceTree = "<group>"; };
		5EEAA502146F741800436F24 /* cst_cg.c */ = {isa = PBXFileReference; fileEncoding = 4; lastKnownFileType = sourcecode.c.c; path = cst_cg.c; sourceTree = "<group>"; };
		5EEAA503146F741800436F24 /* cst_diphone.c */ = {isa = PBXFileReference; fileEncoding = 4; lastKnownFileType = sourcecode.c.c; path = cst_diphone.c; sourceTree = "<group>"; };
		5EEAA504146F741800436F24 /* cst_endian.c */ = {isa = PBXFileReference; fileEncoding = 4; lastKnownFileType = sourcecode.c.c; path = cst_endian.c; sourceTree = "<group>"; };
		5EEAA505146F741800436F24 /* cst_error.c */ = {isa = PBXFileReference; fileEncoding = 4; lastKnownFileType = sourcecode.c.c; path = cst_error.c; sourceTree = "<group>"; };
		5EEAA506146F741800436F24 /* cst_features.c */ = {isa = PBXFileReference; fileEncoding = 4; lastKnownFileType = sourcecode.c.c; path = cst_features.c; sourceTree = "<group>"; };
		5EEAA507146F741800436F24 /* cst_ffeature.c */ = {isa = PBXFileReference; fileEncoding = 4; lastKnownFileType = sourcecode.c.c; path = cst_ffeature.c; sourceTree = "<group>"; };
		5EEAA508146F741800436F24 /* cst_ffeatures.c */ = {isa = PBXFileReference; fileEncoding = 4; lastKnownFileType = sourcecode.c.c; path = cst_ffeatures.c; sourceTree = "<group>"; };
		5EEAA509146F741800436F24 /* cst_file_stdio.c */ = {isa = PBXFileReference; fileEncoding = 4; lastKnownFileType = sourcecode.c.c; path = cst_file_stdio.c; sourceTree = "<group>"; };
		5EEAA50A146F741800436F24 /* cst_item.c */ = {isa = PBXFileReference; fileEncoding = 4; lastKnownFileType = sourcecode.c.c; path = cst_item.c; sourceTree = "<group>"; };
		5EEAA50B146F741800436F24 /* cst_lexicon.c */ = {isa = PBXFileReference; fileEncoding = 4; lastKnownFileType = sourcecode.c.c; path = cst_lexicon.c; sourceTree = "<group>"; };
		5EEAA50C146F741800436F24 /* cst_lpcres.c */ = {isa = PBXFileReference; fileEncoding = 4; lastKnownFileType = sourcecode.c.c; path = cst_lpcres.c; sourceTree = "<group>"; };
		5EEAA50D146F741800436F24 /* cst_lts.c */ = {isa = PBXFileReference; fileEncoding = 4; lastKnownFileType = sourcecode.c.c; path = cst_lts.c; sourceTree = "<group>"; };
		5EEAA50E146F741800436F24 /* cst_mlpg.c */ = {isa = PBXFileReference; fileEncoding = 4; lastKnownFileType = sourcecode.c.c; path = cst_mlpg.c; sourceTree = "<group>"; };
		5EEAA50F146F741800436F24 /* cst_mlsa.c */ = {isa = PBXFileReference; fileEncoding = 4; lastKnownFileType = sourcecode.c.c; path = cst_mlsa.c; sourceTree = "<group>"; };
		5EEAA510146F741800436F24 /* cst_phoneset.c */ = {isa = PBXFileReference; fileEncoding = 4; lastKnownFileType = sourcecode.c.c; path = cst_phoneset.c; sourceTree = "<group>"; };
		5EEAA511146F741800436F24 /* cst_regex.c */ = {isa = PBXFileReference; fileEncoding = 4; lastKnownFileType = sourcecode.c.c; path = cst_regex.c; sourceTree = "<group>"; };
		5EEAA512146F741800436F24 /* cst_relation.c */ = {isa = PBXFileReference; fileEncoding = 4; lastKnownFileType = sourcecode.c.c; path = cst_relation.c; sourceTree = "<group>"; };
		5EEAA513146F741800436F24 /* cst_sigpr.c */ = {isa = PBXFileReference; fileEncoding = 4; lastKnownFileType = sourcecode.c.c; path = cst_sigpr.c; sourceTree = "<group>"; };
		5EEAA514146F741800436F24 /* cst_string.c */ = {isa = PBXFileReference; fileEncoding = 4; lastKnownFileType = sourcecode.c.c; path = cst_string.c; sourceTree = "<group>"; };
		5EEAA515146F741800436F24 /* cst_sts.c */ = {isa = PBXFileReference; fileEncoding = 4; lastKnownFileType = sourcecode.c.c; path = cst_sts.c; sourceTree = "<group>"; };
		5EEAA516146F741800436F24 /* cst_synth.c */ = {isa = PBXFileReference; fileEncoding = 4; lastKnownFileType = sourcecode.c.c; path = cst_synth.c; sourceTree = "<group>"; };
		5EEAA517146F741800436F24 /* cst_tokenstream.c */ = {isa = PBXFileReference; fileEncoding = 4; lastKnownFileType = sourcecode.c.c; path = cst_tokenstream.c; sourceTree = "<group>"; };
		5EEAA518146F741800436F24 /* cst_track.c */ = {isa = PBXFileReference; fileEncoding = 4; lastKnownFileType = sourcecode.c.c; path = cst_track.c; sourceTree = "<group>"; };
		5EEAA519146F741800436F24 /* cst_units.c */ = {isa = PBXFileReference; fileEncoding = 4; lastKnownFileType = sourcecode.c.c; path = cst_units.c; sourceTree = "<group>"; };
		5EEAA51A146F741800436F24 /* cst_utt_utils.c */ = {isa = PBXFileReference; fileEncoding = 4; lastKnownFileType = sourcecode.c.c; path = cst_utt_utils.c; sourceTree = "<group>"; };
		5EEAA51B146F741800436F24 /* cst_utterance.c */ = {isa = PBXFileReference; fileEncoding = 4; lastKnownFileType = sourcecode.c.c; path = cst_utterance.c; sourceTree = "<group>"; };
		5EEAA51C146F741800436F24 /* cst_val.c */ = {isa = PBXFileReference; fileEncoding = 4; lastKnownFileType = sourcecode.c.c; path = cst_val.c; sourceTree = "<group>"; };
		5EEAA51D146F741800436F24 /* cst_val_const.c */ = {isa = PBXFileReference; fileEncoding = 4; lastKnownFileType = sourcecode.c.c; path = cst_val_const.c; sourceTree = "<group>"; };
		5EEAA51E146F741800436F24 /* cst_val_user.c */ = {isa = PBXFileReference; fileEncoding = 4; lastKnownFileType = sourcecode.c.c; path = cst_val_user.c; sourceTree = "<group>"; };
		5EEAA51F146F741800436F24 /* cst_vc.c */ = {isa = PBXFileReference; fileEncoding = 4; lastKnownFileType = sourcecode.c.c; path = cst_vc.c; sourceTree = "<group>"; };
		5EEAA520146F741800436F24 /* cst_voice.c */ = {isa = PBXFileReference; fileEncoding = 4; lastKnownFileType = sourcecode.c.c; path = cst_voice.c; sourceTree = "<group>"; };
		5EEAA521146F741800436F24 /* cst_wave.c */ = {isa = PBXFileReference; fileEncoding = 4; lastKnownFileType = sourcecode.c.c; path = cst_wave.c; sourceTree = "<group>"; };
		5EEAA522146F741800436F24 /* cst_wave_io.c */ = {isa = PBXFileReference; fileEncoding = 4; lastKnownFileType = sourcecode.c.c; path = cst_wave_io.c; sourceTree = "<group>"; };
		5EEAA523146F741800436F24 /* cst_wave_utils.c */ = {isa = PBXFileReference; fileEncoding = 4; lastKnownFileType = sourcecode.c.c; path = cst_wave_utils.c; sourceTree = "<group>"; };
		5EEAA524146F741800436F24 /* flite.c */ = {isa = PBXFileReference; fileEncoding = 4; lastKnownFileType = sourcecode.c.c; path = flite.c; sourceTree = "<group>"; };
		5EEAA525146F741800436F24 /* rateconv.c */ = {isa = PBXFileReference; fileEncoding = 4; lastKnownFileType = sourcecode.c.c; path = rateconv.c; sourceTree = "<group>"; };
		5EEAA526146F741800436F24 /* regexp.c */ = {isa = PBXFileReference; fileEncoding = 4; lastKnownFileType = sourcecode.c.c; path = regexp.c; sourceTree = "<group>"; };
		5EEAA550146F741800436F24 /* cmu_us_slt.c */ = {isa = PBXFileReference; fileEncoding = 4; lastKnownFileType = sourcecode.c.c; path = cmu_us_slt.c; sourceTree = "<group>"; };
		5EEAA551146F741800436F24 /* cmu_us_slt_cg.c */ = {isa = PBXFileReference; fileEncoding = 4; lastKnownFileType = sourcecode.c.c; path = cmu_us_slt_cg.c; sourceTree = "<group>"; };
		5EEAA552146F741800436F24 /* cmu_us_slt_cg_durmodel.c */ = {isa = PBXFileReference; fileEncoding = 4; lastKnownFileType = sourcecode.c.c; path = cmu_us_slt_cg_durmodel.c; sourceTree = "<group>"; };
		5EEAA553146F741800436F24 /* cmu_us_slt_cg_durmodel.h */ = {isa = PBXFileReference; fileEncoding = 4; lastKnownFileType = sourcecode.c.h; path = cmu_us_slt_cg_durmodel.h; sourceTree = "<group>"; };
		5EEAA554146F741800436F24 /* cmu_us_slt_cg_f0_trees.c */ = {isa = PBXFileReference; fileEncoding = 4; lastKnownFileType = sourcecode.c.c; path = cmu_us_slt_cg_f0_trees.c; sourceTree = "<group>"; };
		5EEAA555146F741800436F24 /* cmu_us_slt_cg_f0_trees.h */ = {isa = PBXFileReference; fileEncoding = 4; lastKnownFileType = sourcecode.c.h; path = cmu_us_slt_cg_f0_trees.h; sourceTree = "<group>"; };
		5EEAA556146F741800436F24 /* cmu_us_slt_cg_phonestate.c */ = {isa = PBXFileReference; fileEncoding = 4; lastKnownFileType = sourcecode.c.c; path = cmu_us_slt_cg_phonestate.c; sourceTree = "<group>"; };
		5EEAA557146F741800436F24 /* cmu_us_slt_cg_single_mcep_trees.c */ = {isa = PBXFileReference; fileEncoding = 4; lastKnownFileType = sourcecode.c.c; path = cmu_us_slt_cg_single_mcep_trees.c; sourceTree = "<group>"; };
		5EEAA558146F741800436F24 /* cmu_us_slt_cg_single_mcep_trees.h */ = {isa = PBXFileReference; fileEncoding = 4; lastKnownFileType = sourcecode.c.h; path = cmu_us_slt_cg_single_mcep_trees.h; sourceTree = "<group>"; };
		5EEAA559146F741800436F24 /* cmu_us_slt_cg_single_params.c */ = {isa = PBXFileReference; fileEncoding = 4; lastKnownFileType = sourcecode.c.c; path = cmu_us_slt_cg_single_params.c; sourceTree = "<group>"; };
		5EEAA55A146F741800436F24 /* voxdefs.h */ = {isa = PBXFileReference; fileEncoding = 4; lastKnownFileType = sourcecode.c.h; path = voxdefs.h; sourceTree = "<group>"; };
		5EEAA55C146F741800436F24 /* cmu_lex.c */ = {isa = PBXFileReference; fileEncoding = 4; lastKnownFileType = sourcecode.c.c; path = cmu_lex.c; sourceTree = "<group>"; };
		5EEAA55D146F741800436F24 /* cmu_lex.h */ = {isa = PBXFileReference; fileEncoding = 4; lastKnownFileType = sourcecode.c.h; path = cmu_lex.h; sourceTree = "<group>"; };
		5EEAA55E146F741800436F24 /* cmu_lex_data.c */ = {isa = PBXFileReference; fileEncoding = 4; lastKnownFileType = sourcecode.c.c; path = cmu_lex_data.c; sourceTree = "<group>"; };
		5EEAA55F146F741800436F24 /* cmu_lex_entries.c */ = {isa = PBXFileReference; fileEncoding = 4; lastKnownFileType = sourcecode.c.c; path = cmu_lex_entries.c; sourceTree = "<group>"; };
		5EEAA560146F741800436F24 /* cmu_lts_model.c */ = {isa = PBXFileReference; fileEncoding = 4; lastKnownFileType = sourcecode.c.c; path = cmu_lts_model.c; sourceTree = "<group>"; };
		5EEAA561146F741800436F24 /* cmu_lts_model.h */ = {isa = PBXFileReference; fileEncoding = 4; lastKnownFileType = sourcecode.c.h; path = cmu_lts_model.h; sourceTree = "<group>"; };
		5EEAA562146F741800436F24 /* cmu_lts_rules.c */ = {isa = PBXFileReference; fileEncoding = 4; lastKnownFileType = sourcecode.c.c; path = cmu_lts_rules.c; sourceTree = "<group>"; };
		5EEAA563146F741800436F24 /* cmu_postlex.c */ = {isa = PBXFileReference; fileEncoding = 4; lastKnownFileType = sourcecode.c.c; path = cmu_postlex.c; sourceTree = "<group>"; };
		5EEAA565146F741800436F24 /* us_aswd.c */ = {isa = PBXFileReference; fileEncoding = 4; lastKnownFileType = sourcecode.c.c; path = us_aswd.c; sourceTree = "<group>"; };
		5EEAA566146F741800436F24 /* us_dur_stats.c */ = {isa = PBXFileReference; fileEncoding = 4; lastKnownFileType = sourcecode.c.c; path = us_dur_stats.c; sourceTree = "<group>"; };
		5EEAA567146F741800436F24 /* us_durz_cart.c */ = {isa = PBXFileReference; fileEncoding = 4; lastKnownFileType = sourcecode.c.c; path = us_durz_cart.c; sourceTree = "<group>"; };
		5EEAA568146F741800436F24 /* us_durz_cart.h */ = {isa = PBXFileReference; fileEncoding = 4; lastKnownFileType = sourcecode.c.h; path = us_durz_cart.h; sourceTree = "<group>"; };
		5EEAA569146F741800436F24 /* us_expand.c */ = {isa = PBXFileReference; fileEncoding = 4; lastKnownFileType = sourcecode.c.c; path = us_expand.c; sourceTree = "<group>"; };
		5EEAA56A146F741800436F24 /* us_f0.h */ = {isa = PBXFileReference; fileEncoding = 4; lastKnownFileType = sourcecode.c.h; path = us_f0.h; sourceTree = "<group>"; };
		5EEAA56B146F741800436F24 /* us_f0_model.c */ = {isa = PBXFileReference; fileEncoding = 4; lastKnownFileType = sourcecode.c.c; path = us_f0_model.c; sourceTree = "<group>"; };
		5EEAA56C146F741800436F24 /* us_f0lr.c */ = {isa = PBXFileReference; fileEncoding = 4; lastKnownFileType = sourcecode.c.c; path = us_f0lr.c; sourceTree = "<group>"; };
		5EEAA56D146F741800436F24 /* us_ffeatures.c */ = {isa = PBXFileReference; fileEncoding = 4; lastKnownFileType = sourcecode.c.c; path = us_ffeatures.c; sourceTree = "<group>"; };
		5EEAA56E146F741800436F24 /* us_ffeatures.h */ = {isa = PBXFileReference; fileEncoding = 4; lastKnownFileType = sourcecode.c.h; path = us_ffeatures.h; sourceTree = "<group>"; };
		5EEAA56F146F741800436F24 /* us_gpos.c */ = {isa = PBXFileReference; fileEncoding = 4; lastKnownFileType = sourcecode.c.c; path = us_gpos.c; sourceTree = "<group>"; };
		5EEAA570146F741800436F24 /* us_int_accent_cart.c */ = {isa = PBXFileReference; fileEncoding = 4; lastKnownFileType = sourcecode.c.c; path = us_int_accent_cart.c; sourceTree = "<group>"; };
		5EEAA571146F741800436F24 /* us_int_accent_cart.h */ = {isa = PBXFileReference; fileEncoding = 4; lastKnownFileType = sourcecode.c.h; path = us_int_accent_cart.h; sourceTree = "<group>"; };
		5EEAA572146F741800436F24 /* us_int_tone_cart.c */ = {isa = PBXFileReference; fileEncoding = 4; lastKnownFileType = sourcecode.c.c; path = us_int_tone_cart.c; sourceTree = "<group>"; };
		5EEAA573146F741800436F24 /* us_int_tone_cart.h */ = {isa = PBXFileReference; fileEncoding = 4; lastKnownFileType = sourcecode.c.h; path = us_int_tone_cart.h; sourceTree = "<group>"; };
		5EEAA574146F741800436F24 /* us_nums_cart.c */ = {isa = PBXFileReference; fileEncoding = 4; lastKnownFileType = sourcecode.c.c; path = us_nums_cart.c; sourceTree = "<group>"; };
		5EEAA575146F741800436F24 /* us_nums_cart.h */ = {isa = PBXFileReference; fileEncoding = 4; lastKnownFileType = sourcecode.c.h; path = us_nums_cart.h; sourceTree = "<group>"; };
		5EEAA576146F741800436F24 /* us_phoneset.c */ = {isa = PBXFileReference; fileEncoding = 4; lastKnownFileType = sourcecode.c.c; path = us_phoneset.c; sourceTree = "<group>"; };
		5EEAA577146F741800436F24 /* us_phrasing_cart.c */ = {isa = PBXFileReference; fileEncoding = 4; lastKnownFileType = sourcecode.c.c; path = us_phrasing_cart.c; sourceTree = "<group>"; };
		5EEAA578146F741800436F24 /* us_phrasing_cart.h */ = {isa = PBXFileReference; fileEncoding = 4; lastKnownFileType = sourcecode.c.h; path = us_phrasing_cart.h; sourceTree = "<group>"; };
		5EEAA579146F741800436F24 /* us_pos.tree */ = {isa = PBXFileReference; fileEncoding = 4; lastKnownFileType = text; path = us_pos.tree; sourceTree = "<group>"; };
		5EEAA57A146F741800436F24 /* us_pos_cart.c */ = {isa = PBXFileReference; fileEncoding = 4; lastKnownFileType = sourcecode.c.c; path = us_pos_cart.c; sourceTree = "<group>"; };
		5EEAA57B146F741800436F24 /* us_pos_cart.h */ = {isa = PBXFileReference; fileEncoding = 4; lastKnownFileType = sourcecode.c.h; path = us_pos_cart.h; sourceTree = "<group>"; };
		5EEAA57C146F741800436F24 /* us_regexes.h */ = {isa = PBXFileReference; fileEncoding = 4; lastKnownFileType = sourcecode.c.h; path = us_regexes.h; sourceTree = "<group>"; };
		5EEAA57D146F741800436F24 /* us_text.c */ = {isa = PBXFileReference; fileEncoding = 4; lastKnownFileType = sourcecode.c.c; path = us_text.c; sourceTree = "<group>"; };
		5EEAA57E146F741800436F24 /* us_text.h */ = {isa = PBXFileReference; fileEncoding = 4; lastKnownFileType = sourcecode.c.h; path = us_text.h; sourceTree = "<group>"; };
		5EEAA57F146F741800436F24 /* usenglish.c */ = {isa = PBXFileReference; fileEncoding = 4; lastKnownFileType = sourcecode.c.c; path = usenglish.c; sourceTree = "<group>"; };
		5EEAA580146F741800436F24 /* usenglish.h */ = {isa = PBXFileReference; fileEncoding = 4; lastKnownFileType = sourcecode.c.h; path = usenglish.h; sourceTree = "<group>"; };
		5EEAA5E1146F742000436F24 /* FliteTTS.h */ = {isa = PBXFileReference; fileEncoding = 4; lastKnownFileType = sourcecode.c.h; path = FliteTTS.h; sourceTree = "<group>"; };
		5EEAA5E2146F742000436F24 /* FliteTTS.m */ = {isa = PBXFileReference; fileEncoding = 4; lastKnownFileType = sourcecode.c.objc; path = FliteTTS.m; sourceTree = "<group>"; };
		8D1107310486CEB800E47090 /* test_app-Info.plist */ = {isa = PBXFileReference; fileEncoding = 4; lastKnownFileType = text.plist.xml; path = "test_app-Info.plist"; plistStructureDefinitionIdentifier = "com.apple.xcode.plist.structure-definition.iphone.info-plist"; sourceTree = "<group>"; };
/* End PBXFileReference section */

/* Begin PBXFrameworksBuildPhase section */
		1D60588F0D05DD3D006BFB54 /* Frameworks */ = {
			isa = PBXFrameworksBuildPhase;
			buildActionMask = 2147483647;
			files = (
				1D60589F0D05DD5A006BFB54 /* Foundation.framework in Frameworks */,
				1DF5F4E00D08C38300B7A737 /* UIKit.framework in Frameworks */,
				288765A50DF7441C002DB57D /* CoreGraphics.framework in Frameworks */,
				52B5EF9B0FF5C228004325BC /* AudioToolbox.framework in Frameworks */,
				52E16F19106E44A300EADDF5 /* QuartzCore.framework in Frameworks */,
				52E6B40110964E0400788E04 /* CFNetwork.framework in Frameworks */,
				52E6B42610964E2300788E04 /* SystemConfiguration.framework in Frameworks */,
				5EEAA2B3146F68D000436F24 /* AVFoundation.framework in Frameworks */,
				5259454F109BB32800279F2E /* MessageUI.framework in Frameworks */,
			);
			runOnlyForDeploymentPostprocessing = 0;
		};
/* End PBXFrameworksBuildPhase section */

/* Begin PBXGroup section */
		080E96DDFE201D6D7F000001 /* Classes */ = {
			isa = PBXGroup;
			children = (
				5E8F4834146F912300D76412 /* HSL.h */,
				5E8F4835146F912300D76412 /* HSL.m */,
				5EEAA5E1146F742000436F24 /* FliteTTS.h */,
				5EEAA5E2146F742000436F24 /* FliteTTS.m */,
				1D3623240D0F684500981E51 /* test_appAppDelegate.h */,
				1D3623250D0F684500981E51 /* test_appAppDelegate.m */,
				28D7ACF60DDB3853001CB0EB /* test_appViewController.h */,
				28D7ACF70DDB3853001CB0EB /* test_appViewController.m */,
			);
			path = Classes;
			sourceTree = "<group>";
		};
		19C28FACFE9D520D11CA2CBB /* Products */ = {
			isa = PBXGroup;
			children = (
				1D6058910D05DD3D006BFB54 /* test-app.app */,
			);
			name = Products;
			sourceTree = "<group>";
		};
		29B97314FDCFA39411CA2CEA /* CustomTemplate */ = {
			isa = PBXGroup;
			children = (
				080E96DDFE201D6D7F000001 /* Classes */,
				29B97315FDCFA39411CA2CEA /* Other Sources */,
				29B97317FDCFA39411CA2CEA /* Resources */,
				29B97323FDCFA39411CA2CEA /* Frameworks */,
				19C28FACFE9D520D11CA2CBB /* Products */,
				52E6B42510964E2300788E04 /* SystemConfiguration.framework */,
				5EEAA2B0146F68BD00436F24 /* AVFoundation */,
				5EEAA2B2146F68CF00436F24 /* AVFoundation.framework */,
			);
			name = CustomTemplate;
			sourceTree = "<group>";
		};
		29B97315FDCFA39411CA2CEA /* Other Sources */ = {
			isa = PBXGroup;
			children = (
				5EEAA4D3146F741800436F24 /* flite-1.4-iphone */,
				32CA4F630368D1EE00C91783 /* test_app_Prefix.pch */,
				29B97316FDCFA39411CA2CEA /* main.m */,
			);
			name = "Other Sources";
			sourceTree = "<group>";
		};
		29B97317FDCFA39411CA2CEA /* Resources */ = {
			isa = PBXGroup;
			children = (
				52704E9D11376A3000BEF866 /* Camera.png */,
				8D1107310486CEB800E47090 /* test_app-Info.plist */,
			);
			name = Resources;
			sourceTree = "<group>";
		};
		29B97323FDCFA39411CA2CEA /* Frameworks */ = {
			isa = PBXGroup;
			children = (
				5259454E109BB32800279F2E /* MessageUI.framework */,
				52E16F18106E44A300EADDF5 /* QuartzCore.framework */,
				52E6B40010964E0400788E04 /* CFNetwork.framework */,
				52B5EF9A0FF5C228004325BC /* AudioToolbox.framework */,
				1DF5F4DF0D08C38300B7A737 /* UIKit.framework */,
				1D30AB110D05D00D00671497 /* Foundation.framework */,
				288765A40DF7441C002DB57D /* CoreGraphics.framework */,
			);
			name = Frameworks;
			sourceTree = "<group>";
		};
		5EEAA4D3146F741800436F24 /* flite-1.4-iphone */ = {
			isa = PBXGroup;
			children = (
				5EEAA4D4146F741800436F24 /* include */,
				5EEAA4FC146F741800436F24 /* src */,
				5EEAA527146F741800436F24 /* voices */,
			);
			path = "flite-1.4-iphone";
			sourceTree = "<group>";
		};
		5EEAA4D4146F741800436F24 /* include */ = {
			isa = PBXGroup;
			children = (
				5EEAA4D5146F741800436F24 /* cst_alloc.h */,
				5EEAA4D6146F741800436F24 /* cst_audio.h */,
				5EEAA4D7146F741800436F24 /* cst_cart.h */,
				5EEAA4D8146F741800436F24 /* cst_cg.h */,
				5EEAA4D9146F741800436F24 /* cst_diphone.h */,
				5EEAA4DA146F741800436F24 /* cst_endian.h */,
				5EEAA4DB146F741800436F24 /* cst_error.h */,
				5EEAA4DC146F741800436F24 /* cst_features.h */,
				5EEAA4DD146F741800436F24 /* cst_ffeatures.h */,
				5EEAA4DE146F741800436F24 /* cst_file.h */,
				5EEAA4DF146F741800436F24 /* cst_hrg.h */,
				5EEAA4E0146F741800436F24 /* cst_item.h */,
				5EEAA4E1146F741800436F24 /* cst_lexicon.h */,
				5EEAA4E2146F741800436F24 /* cst_lts.h */,
				5EEAA4E3146F741800436F24 /* cst_math.h */,
				5EEAA4E4146F741800436F24 /* cst_mlpg.h */,
				5EEAA4E5146F741800436F24 /* cst_mlsa.h */,
				5EEAA4E6146F741800436F24 /* cst_phoneset.h */,
				5EEAA4E7146F741800436F24 /* cst_regex.h */,
				5EEAA4E8146F741800436F24 /* cst_regex_defs.h */,
				5EEAA4E9146F741800436F24 /* cst_relation.h */,
				5EEAA4EA146F741800436F24 /* cst_sigpr.h */,
				5EEAA4EB146F741800436F24 /* cst_string.h */,
				5EEAA4EC146F741800436F24 /* cst_sts.h */,
				5EEAA4ED146F741800436F24 /* cst_synth.h */,
				5EEAA4EE146F741800436F24 /* cst_tokenstream.h */,
				5EEAA4EF146F741800436F24 /* cst_track.h */,
				5EEAA4F0146F741800436F24 /* cst_units.h */,
				5EEAA4F1146F741800436F24 /* cst_utt_utils.h */,
				5EEAA4F2146F741800436F24 /* cst_utterance.h */,
				5EEAA4F3146F741800436F24 /* cst_val.h */,
				5EEAA4F4146F741800436F24 /* cst_val_const.h */,
				5EEAA4F5146F741800436F24 /* cst_val_defs.h */,
				5EEAA4F6146F741800436F24 /* cst_vc.h */,
				5EEAA4F7146F741800436F24 /* cst_viterbi.h */,
				5EEAA4F8146F741800436F24 /* cst_voice.h */,
				5EEAA4F9146F741800436F24 /* cst_wave.h */,
				5EEAA4FA146F741800436F24 /* flite.h */,
				5EEAA4FB146F741800436F24 /* native_audio.h */,
			);
			path = include;
			sourceTree = "<group>";
		};
		5EEAA4FC146F741800436F24 /* src */ = {
			isa = PBXGroup;
			children = (
				5EEAA4FD146F741800436F24 /* au_none.c */,
				5EEAA4FE146F741800436F24 /* au_streaming.c */,
				5EEAA4FF146F741800436F24 /* audio.c */,
				5EEAA500146F741800436F24 /* cst_alloc.c */,
				5EEAA501146F741800436F24 /* cst_cart.c */,
				5EEAA502146F741800436F24 /* cst_cg.c */,
				5EEAA503146F741800436F24 /* cst_diphone.c */,
				5EEAA504146F741800436F24 /* cst_endian.c */,
				5EEAA505146F741800436F24 /* cst_error.c */,
				5EEAA506146F741800436F24 /* cst_features.c */,
				5EEAA507146F741800436F24 /* cst_ffeature.c */,
				5EEAA508146F741800436F24 /* cst_ffeatures.c */,
				5EEAA509146F741800436F24 /* cst_file_stdio.c */,
				5EEAA50A146F741800436F24 /* cst_item.c */,
				5EEAA50B146F741800436F24 /* cst_lexicon.c */,
				5EEAA50C146F741800436F24 /* cst_lpcres.c */,
				5EEAA50D146F741800436F24 /* cst_lts.c */,
				5EEAA50E146F741800436F24 /* cst_mlpg.c */,
				5EEAA50F146F741800436F24 /* cst_mlsa.c */,
				5EEAA510146F741800436F24 /* cst_phoneset.c */,
				5EEAA511146F741800436F24 /* cst_regex.c */,
				5EEAA512146F741800436F24 /* cst_relation.c */,
				5EEAA513146F741800436F24 /* cst_sigpr.c */,
				5EEAA514146F741800436F24 /* cst_string.c */,
				5EEAA515146F741800436F24 /* cst_sts.c */,
				5EEAA516146F741800436F24 /* cst_synth.c */,
				5EEAA517146F741800436F24 /* cst_tokenstream.c */,
				5EEAA518146F741800436F24 /* cst_track.c */,
				5EEAA519146F741800436F24 /* cst_units.c */,
				5EEAA51A146F741800436F24 /* cst_utt_utils.c */,
				5EEAA51B146F741800436F24 /* cst_utterance.c */,
				5EEAA51C146F741800436F24 /* cst_val.c */,
				5EEAA51D146F741800436F24 /* cst_val_const.c */,
				5EEAA51E146F741800436F24 /* cst_val_user.c */,
				5EEAA51F146F741800436F24 /* cst_vc.c */,
				5EEAA520146F741800436F24 /* cst_voice.c */,
				5EEAA521146F741800436F24 /* cst_wave.c */,
				5EEAA522146F741800436F24 /* cst_wave_io.c */,
				5EEAA523146F741800436F24 /* cst_wave_utils.c */,
				5EEAA524146F741800436F24 /* flite.c */,
				5EEAA525146F741800436F24 /* rateconv.c */,
				5EEAA526146F741800436F24 /* regexp.c */,
			);
			path = src;
			sourceTree = "<group>";
		};
		5EEAA527146F741800436F24 /* voices */ = {
			isa = PBXGroup;
			children = (
				5EEAA54F146F741800436F24 /* cmu_us_slt */,
				5EEAA55B146F741800436F24 /* cmulex */,
				5EEAA564146F741800436F24 /* usenglish */,
			);
			path = voices;
			sourceTree = "<group>";
		};
		5EEAA54F146F741800436F24 /* cmu_us_slt */ = {
			isa = PBXGroup;
			children = (
				5EEAA550146F741800436F24 /* cmu_us_slt.c */,
				5EEAA551146F741800436F24 /* cmu_us_slt_cg.c */,
				5EEAA552146F741800436F24 /* cmu_us_slt_cg_durmodel.c */,
				5EEAA553146F741800436F24 /* cmu_us_slt_cg_durmodel.h */,
				5EEAA554146F741800436F24 /* cmu_us_slt_cg_f0_trees.c */,
				5EEAA555146F741800436F24 /* cmu_us_slt_cg_f0_trees.h */,
				5EEAA556146F741800436F24 /* cmu_us_slt_cg_phonestate.c */,
				5EEAA557146F741800436F24 /* cmu_us_slt_cg_single_mcep_trees.c */,
				5EEAA558146F741800436F24 /* cmu_us_slt_cg_single_mcep_trees.h */,
				5EEAA559146F741800436F24 /* cmu_us_slt_cg_single_params.c */,
				5EEAA55A146F741800436F24 /* voxdefs.h */,
			);
			path = cmu_us_slt;
			sourceTree = "<group>";
		};
		5EEAA55B146F741800436F24 /* cmulex */ = {
			isa = PBXGroup;
			children = (
				5EEAA55C146F741800436F24 /* cmu_lex.c */,
				5EEAA55D146F741800436F24 /* cmu_lex.h */,
				5EEAA55E146F741800436F24 /* cmu_lex_data.c */,
				5EEAA55F146F741800436F24 /* cmu_lex_entries.c */,
				5EEAA560146F741800436F24 /* cmu_lts_model.c */,
				5EEAA561146F741800436F24 /* cmu_lts_model.h */,
				5EEAA562146F741800436F24 /* cmu_lts_rules.c */,
				5EEAA563146F741800436F24 /* cmu_postlex.c */,
			);
			path = cmulex;
			sourceTree = "<group>";
		};
		5EEAA564146F741800436F24 /* usenglish */ = {
			isa = PBXGroup;
			children = (
				5EEAA565146F741800436F24 /* us_aswd.c */,
				5EEAA566146F741800436F24 /* us_dur_stats.c */,
				5EEAA567146F741800436F24 /* us_durz_cart.c */,
				5EEAA568146F741800436F24 /* us_durz_cart.h */,
				5EEAA569146F741800436F24 /* us_expand.c */,
				5EEAA56A146F741800436F24 /* us_f0.h */,
				5EEAA56B146F741800436F24 /* us_f0_model.c */,
				5EEAA56C146F741800436F24 /* us_f0lr.c */,
				5EEAA56D146F741800436F24 /* us_ffeatures.c */,
				5EEAA56E146F741800436F24 /* us_ffeatures.h */,
				5EEAA56F146F741800436F24 /* us_gpos.c */,
				5EEAA570146F741800436F24 /* us_int_accent_cart.c */,
				5EEAA571146F741800436F24 /* us_int_accent_cart.h */,
				5EEAA572146F741800436F24 /* us_int_tone_cart.c */,
				5EEAA573146F741800436F24 /* us_int_tone_cart.h */,
				5EEAA574146F741800436F24 /* us_nums_cart.c */,
				5EEAA575146F741800436F24 /* us_nums_cart.h */,
				5EEAA576146F741800436F24 /* us_phoneset.c */,
				5EEAA577146F741800436F24 /* us_phrasing_cart.c */,
				5EEAA578146F741800436F24 /* us_phrasing_cart.h */,
				5EEAA579146F741800436F24 /* us_pos.tree */,
				5EEAA57A146F741800436F24 /* us_pos_cart.c */,
				5EEAA57B146F741800436F24 /* us_pos_cart.h */,
				5EEAA57C146F741800436F24 /* us_regexes.h */,
				5EEAA57D146F741800436F24 /* us_text.c */,
				5EEAA57E146F741800436F24 /* us_text.h */,
				5EEAA57F146F741800436F24 /* usenglish.c */,
				5EEAA580146F741800436F24 /* usenglish.h */,
			);
			path = usenglish;
			sourceTree = "<group>";
		};
/* End PBXGroup section */

/* Begin PBXNativeTarget section */
		1D6058900D05DD3D006BFB54 /* test-app */ = {
			isa = PBXNativeTarget;
			buildConfigurationList = 1D6058960D05DD3E006BFB54 /* Build configuration list for PBXNativeTarget "test-app" */;
			buildPhases = (
				1D60588D0D05DD3D006BFB54 /* Resources */,
				1D60588E0D05DD3D006BFB54 /* Sources */,
				1D60588F0D05DD3D006BFB54 /* Frameworks */,
			);
			buildRules = (
			);
			dependencies = (
			);
			name = "test-app";
			productName = "test-app";
			productReference = 1D6058910D05DD3D006BFB54 /* test-app.app */;
			productType = "com.apple.product-type.application";
		};
/* End PBXNativeTarget section */

/* Begin PBXProject section */
		29B97313FDCFA39411CA2CEA /* Project object */ = {
			isa = PBXProject;
			buildConfigurationList = C01FCF4E08A954540054247B /* Build configuration list for PBXProject "test-app" */;
			compatibilityVersion = "Xcode 3.1";
			developmentRegion = English;
			hasScannedForEncodings = 1;
			knownRegions = (
				en,
			);
			mainGroup = 29B97314FDCFA39411CA2CEA /* CustomTemplate */;
			projectDirPath = "";
			projectRoot = "";
			targets = (
				1D6058900D05DD3D006BFB54 /* test-app */,
			);
		};
/* End PBXProject section */

/* Begin PBXResourcesBuildPhase section */
		1D60588D0D05DD3D006BFB54 /* Resources */ = {
			isa = PBXResourcesBuildPhase;
			buildActionMask = 2147483647;
			files = (
				52704E9E11376A3000BEF866 /* Camera.png in Resources */,
				5EEAA5DD146F741800436F24 /* us_pos.tree in Resources */,
			);
			runOnlyForDeploymentPostprocessing = 0;
		};
/* End PBXResourcesBuildPhase section */

/* Begin PBXSourcesBuildPhase section */
		1D60588E0D05DD3D006BFB54 /* Sources */ = {
			isa = PBXSourcesBuildPhase;
			buildActionMask = 2147483647;
			files = (
				1D60589B0D05DD56006BFB54 /* main.m in Sources */,
				1D3623260D0F684500981E51 /* test_appAppDelegate.m in Sources */,
				28D7ACF80DDB3853001CB0EB /* test_appViewController.m in Sources */,
				5EEAA581146F741800436F24 /* au_none.c in Sources */,
				5EEAA582146F741800436F24 /* au_streaming.c in Sources */,
				5EEAA583146F741800436F24 /* audio.c in Sources */,
				5EEAA584146F741800436F24 /* cst_alloc.c in Sources */,
				5EEAA585146F741800436F24 /* cst_cart.c in Sources */,
				5EEAA586146F741800436F24 /* cst_cg.c in Sources */,
				5EEAA587146F741800436F24 /* cst_diphone.c in Sources */,
				5EEAA588146F741800436F24 /* cst_endian.c in Sources */,
				5EEAA589146F741800436F24 /* cst_error.c in Sources */,
				5EEAA58A146F741800436F24 /* cst_features.c in Sources */,
				5EEAA58B146F741800436F24 /* cst_ffeature.c in Sources */,
				5EEAA58C146F741800436F24 /* cst_ffeatures.c in Sources */,
				5EEAA58D146F741800436F24 /* cst_file_stdio.c in Sources */,
				5EEAA58E146F741800436F24 /* cst_item.c in Sources */,
				5EEAA58F146F741800436F24 /* cst_lexicon.c in Sources */,
				5EEAA590146F741800436F24 /* cst_lpcres.c in Sources */,
				5EEAA591146F741800436F24 /* cst_lts.c in Sources */,
				5EEAA592146F741800436F24 /* cst_mlpg.c in Sources */,
				5EEAA593146F741800436F24 /* cst_mlsa.c in Sources */,
				5EEAA594146F741800436F24 /* cst_phoneset.c in Sources */,
				5EEAA595146F741800436F24 /* cst_regex.c in Sources */,
				5EEAA596146F741800436F24 /* cst_relation.c in Sources */,
				5EEAA597146F741800436F24 /* cst_sigpr.c in Sources */,
				5EEAA598146F741800436F24 /* cst_string.c in Sources */,
				5EEAA599146F741800436F24 /* cst_sts.c in Sources */,
				5EEAA59A146F741800436F24 /* cst_synth.c in Sources */,
				5EEAA59B146F741800436F24 /* cst_tokenstream.c in Sources */,
				5EEAA59C146F741800436F24 /* cst_track.c in Sources */,
				5EEAA59D146F741800436F24 /* cst_units.c in Sources */,
				5EEAA59E146F741800436F24 /* cst_utt_utils.c in Sources */,
				5EEAA59F146F741800436F24 /* cst_utterance.c in Sources */,
				5EEAA5A0146F741800436F24 /* cst_val.c in Sources */,
				5EEAA5A1146F741800436F24 /* cst_val_const.c in Sources */,
				5EEAA5A2146F741800436F24 /* cst_val_user.c in Sources */,
				5EEAA5A3146F741800436F24 /* cst_vc.c in Sources */,
				5EEAA5A4146F741800436F24 /* cst_voice.c in Sources */,
				5EEAA5A5146F741800436F24 /* cst_wave.c in Sources */,
				5EEAA5A6146F741800436F24 /* cst_wave_io.c in Sources */,
				5EEAA5A7146F741800436F24 /* cst_wave_utils.c in Sources */,
				5EEAA5A8146F741800436F24 /* flite.c in Sources */,
				5EEAA5A9146F741800436F24 /* rateconv.c in Sources */,
				5EEAA5AA146F741800436F24 /* regexp.c in Sources */,
				5EEAA5C3146F741800436F24 /* cmu_us_slt.c in Sources */,
				5EEAA5C4146F741800436F24 /* cmu_us_slt_cg.c in Sources */,
				5EEAA5C5146F741800436F24 /* cmu_us_slt_cg_durmodel.c in Sources */,
				5EEAA5C6146F741800436F24 /* cmu_us_slt_cg_f0_trees.c in Sources */,
				5EEAA5C7146F741800436F24 /* cmu_us_slt_cg_phonestate.c in Sources */,
				5EEAA5C8146F741800436F24 /* cmu_us_slt_cg_single_mcep_trees.c in Sources */,
				5EEAA5C9146F741800436F24 /* cmu_us_slt_cg_single_params.c in Sources */,
				5EEAA5CA146F741800436F24 /* cmu_lex.c in Sources */,
				5EEAA5CB146F741800436F24 /* cmu_lex_data.c in Sources */,
				5EEAA5CC146F741800436F24 /* cmu_lex_entries.c in Sources */,
				5EEAA5CD146F741800436F24 /* cmu_lts_model.c in Sources */,
				5EEAA5CE146F741800436F24 /* cmu_lts_rules.c in Sources */,
				5EEAA5CF146F741800436F24 /* cmu_postlex.c in Sources */,
				5EEAA5D0146F741800436F24 /* us_aswd.c in Sources */,
				5EEAA5D1146F741800436F24 /* us_dur_stats.c in Sources */,
				5EEAA5D2146F741800436F24 /* us_durz_cart.c in Sources */,
				5EEAA5D3146F741800436F24 /* us_expand.c in Sources */,
				5EEAA5D4146F741800436F24 /* us_f0_model.c in Sources */,
				5EEAA5D5146F741800436F24 /* us_f0lr.c in Sources */,
				5EEAA5D6146F741800436F24 /* us_ffeatures.c in Sources */,
				5EEAA5D7146F741800436F24 /* us_gpos.c in Sources */,
				5EEAA5D8146F741800436F24 /* us_int_accent_cart.c in Sources */,
				5EEAA5D9146F741800436F24 /* us_int_tone_cart.c in Sources */,
				5EEAA5DA146F741800436F24 /* us_nums_cart.c in Sources */,
				5EEAA5DB146F741800436F24 /* us_phoneset.c in Sources */,
				5EEAA5DC146F741800436F24 /* us_phrasing_cart.c in Sources */,
				5EEAA5DE146F741800436F24 /* us_pos_cart.c in Sources */,
				5EEAA5DF146F741800436F24 /* us_text.c in Sources */,
				5EEAA5E0146F741800436F24 /* usenglish.c in Sources */,
				5EEAA5E3146F742000436F24 /* FliteTTS.m in Sources */,
				5E8F4836146F912300D76412 /* HSL.m in Sources */,
			);
			runOnlyForDeploymentPostprocessing = 0;
		};
/* End PBXSourcesBuildPhase section */

/* Begin XCBuildConfiguration section */
		1D6058940D05DD3E006BFB54 /* Debug */ = {
			isa = XCBuildConfiguration;
			buildSettings = {
				ALWAYS_SEARCH_USER_PATHS = NO;
				CODE_SIGN_IDENTITY = "iPhone Developer: Jeff Chen (W89G4XDH47)";
				"CODE_SIGN_IDENTITY[sdk=iphoneos*]" = "iPhone Developer: Jeff Chen (W89G4XDH47)";
				COPY_PHASE_STRIP = NO;
				GCC_DYNAMIC_NO_PIC = NO;
				GCC_OPTIMIZATION_LEVEL = 0;
				GCC_PRECOMPILE_PREFIX_HEADER = YES;
				GCC_PREFIX_HEADER = test_app_Prefix.pch;
				INFOPLIST_FILE = "test_app-Info.plist";
				IPHONEOS_DEPLOYMENT_TARGET = 3.0;
				LIBRARY_SEARCH_PATHS = (
					"$(inherited)",
					"\"$(SDKROOT)$(SYSTEM_LIBRARY_DIR)/Frameworks/AVFoundation.framework\"",
				);
				PRODUCT_NAME = "test-app";
				PROVISIONING_PROFILE = "95D56066-5F80-4C94-8508-28FB86CE5EA0";
				"PROVISIONING_PROFILE[sdk=iphoneos*]" = "95D56066-5F80-4C94-8508-28FB86CE5EA0";
				RUN_CLANG_STATIC_ANALYZER = YES;
			};
			name = Debug;
		};
		1D6058950D05DD3E006BFB54 /* Release */ = {
			isa = XCBuildConfiguration;
			buildSettings = {
				ALWAYS_SEARCH_USER_PATHS = NO;
				CODE_SIGN_IDENTITY = "iPhone Developer: Jeff Chen (W89G4XDH47)";
				COPY_PHASE_STRIP = YES;
				GCC_PRECOMPILE_PREFIX_HEADER = YES;
				GCC_PREFIX_HEADER = test_app_Prefix.pch;
				INFOPLIST_FILE = "test_app-Info.plist";
				LIBRARY_SEARCH_PATHS = (
					"$(inherited)",
					"\"$(SDKROOT)$(SYSTEM_LIBRARY_DIR)/Frameworks/AVFoundation.framework\"",
				);
				PRODUCT_NAME = "test-app";
				PROVISIONING_PROFILE = "95D56066-5F80-4C94-8508-28FB86CE5EA0";
			};
			name = Release;
		};
		C01FCF4F08A954540054247B /* Debug */ = {
			isa = XCBuildConfiguration;
			buildSettings = {
				ARCHS = "$(ARCHS_STANDARD_32_BIT)";
				"CODE_SIGN_IDENTITY[sdk=iphoneos*]" = "iPhone Developer";
				GCC_C_LANGUAGE_STANDARD = c99;
				GCC_WARN_ABOUT_RETURN_TYPE = YES;
				GCC_WARN_UNUSED_VARIABLE = YES;
				PREBINDING = NO;
				SDKROOT = iphoneos3.0;
			};
			name = Debug;
		};
		C01FCF5008A954540054247B /* Release */ = {
			isa = XCBuildConfiguration;
			buildSettings = {
				ARCHS = "$(ARCHS_STANDARD_32_BIT)";
				"CODE_SIGN_IDENTITY[sdk=iphoneos*]" = "iPhone Developer";
				GCC_C_LANGUAGE_STANDARD = c99;
				GCC_WARN_ABOUT_RETURN_TYPE = YES;
				GCC_WARN_UNUSED_VARIABLE = YES;
				PREBINDING = NO;
				SDKROOT = iphoneos3.0;
			};
			name = Release;
		};
/* End XCBuildConfiguration section */

/* Begin XCConfigurationList section */
		1D6058960D05DD3E006BFB54 /* Build configuration list for PBXNativeTarget "test-app" */ = {
			isa = XCConfigurationList;
			buildConfigurations = (
				1D6058940D05DD3E006BFB54 /* Debug */,
				1D6058950D05DD3E006BFB54 /* Release */,
			);
			defaultConfigurationIsVisible = 0;
			defaultConfigurationName = Release;
		};
		C01FCF4E08A954540054247B /* Build configuration list for PBXProject "test-app" */ = {
			isa = XCConfigurationList;
			buildConfigurations = (
				C01FCF4F08A954540054247B /* Debug */,
				C01FCF5008A954540054247B /* Release */,
			);
			defaultConfigurationIsVisible = 0;
			defaultConfigurationName = Release;
		};
/* End XCConfigurationList section */
	};
	rootObject = 29B97313FDCFA39411CA2CEA /* Project object */;
}
